{
  "nodes": {
    "ascon-c": {
      "flake": false,
      "locked": {
        "lastModified": 1769616063,
        "narHash": "sha256-mxS1FZgESDBoZS3GvFaEj3XWfezEolFGX/rkxtThXto=",
        "owner": "ascon",
        "repo": "ascon-c",
        "rev": "446347f21b209f3921c65ece70027c366cbe1693",
        "type": "github"
      },
      "original": {
        "owner": "ascon",
        "repo": "ascon-c",
        "type": "github"
      }
    },
    "ascon-rtl": {
      "flake": false,
      "locked": {
        "lastModified": 1778388772,
        "narHash": "sha256-NGvZgP0UBqP4tnGvQBZJfDMJBbctuRpxerKoH/ef3GY=",
        "owner": "hydrastro",
        "repo": "ascon-rtl",
        "rev": "361f62855321eaaa9fe0d0700622f15f177da377",
        "type": "github"
      },
      "original": {
        "owner": "hydrastro",
        "repo": "ascon-rtl",
        "type": "github"
      }
    },
    "nixpkgs": {
      "locked": {
        "lastModified": 1778443072,
        "narHash": "sha256-zi7/fsqM/kFdNuED//4WOCUtezGtKKqRNORjMvfwjnA=",
        "owner": "NixOS",
        "repo": "nixpkgs",
        "rev": "da5ad661ba4e5ef59ba743f0d112cbc30e474f32",
        "type": "github"
      },
      "original": {
        "owner": "NixOS",
        "ref": "nixos-unstable",
        "repo": "nixpkgs",
        "type": "github"
      }
    },
    "root": {
      "inputs": {
        "ascon-c": "ascon-c",
        "ascon-rtl": "ascon-rtl",
        "nixpkgs": "nixpkgs"
      }
    }
  },
  "root": "root",
  "version": 7
}
